
Microsoft Visual Studio Solution File, Format Version 12.00
# Visual Studio Version 17
VisualStudioVersion = 17.8.34330.188
MinimumVisualStudioVersion = 10.0.40219.1
Project("{8BC9CEB8-8B4A-11D0-8D11-00A0C91BC942}") = "merge", "merge\merge.vcxproj", "{0B8D0481-A0BD-4552-9528-0ADBCA7CBA63}"
EndProject
Global
	GlobalSection(SolutionConfigurationPlatforms) = preSolution
		Debug|x64 = Debug|x64
		Debug|x86 = Debug|x86
		Release|x64 = Release|x64
		Release|x86 = Release|x86
	EndGlobalSection
	GlobalSection(ProjectConfigurationPlatforms) = postSolution
		{0B8D0481-A0BD-4552-9528-0ADBCA7CBA63}.Debug|x64.ActiveCfg = Debug|x64
		{0B8D0481-A0BD-4552-9528-0ADBCA7CBA63}.Debug|x64.Build.0 = Debug|x64
		{0B8D0481-A0BD-4552-9528-0ADBCA7CBA63}.Debug|x86.ActiveCfg = Debug|Win32
		{0B8D0481-A0BD-4552-9528-0ADBCA7CBA63}.Debug|x86.Build.0 = Debug|Win32
		{0B8D0481-A0BD-4552-9528-0ADBCA7CBA63}.Release|x64.ActiveCfg = Release|x64
		{0B8D0481-A0BD-4552-9528-0ADBCA7CBA63}.Release|x64.Build.0 = Release|x64
		{0B8D0481-A0BD-4552-9528-0ADBCA7CBA63}.Release|x86.ActiveCfg = Release|Win32
		{0B8D0481-A0BD-4552-9528-0ADBCA7CBA63}.Release|x86.Build.0 = Release|Win32
	EndGlobalSection
	GlobalSection(SolutionProperties) = preSolution
		HideSolutionNode = FALSE
	EndGlobalSection
	GlobalSection(ExtensibilityGlobals) = postSolution
		SolutionGuid = {0E0D98D1-DC77-4CD0-980C-E2F617F956AE}
	EndGlobalSection
EndGlobal
